
Microsoft Visual Studio Solution File, Format Version 12.00
Project("{FAE04EC0-301F-11D3-BF4B-00C04F79EFBC}") = "RestApiExtensions", "RestApiExtensions\RestApiExtensions.csproj", "{382A20FB-498B-415F-B8B5-646C7C7448CC}"
EndProject
Global
	GlobalSection(SolutionConfigurationPlatforms) = preSolution
		Debug|Any CPU = Debug|Any CPU
		Release|Any CPU = Release|Any CPU
	EndGlobalSection
	GlobalSection(ProjectConfigurationPlatforms) = postSolution
		{382A20FB-498B-415F-B8B5-646C7C7448CC}.Debug|Any CPU.ActiveCfg = Debug|Any CPU
		{382A20FB-498B-415F-B8B5-646C7C7448CC}.Debug|Any CPU.Build.0 = Debug|Any CPU
		{382A20FB-498B-415F-B8B5-646C7C7448CC}.Release|Any CPU.ActiveCfg = Release|Any CPU
		{382A20FB-498B-415F-B8B5-646C7C7448CC}.Release|Any CPU.Build.0 = Release|Any CPU
	EndGlobalSection
EndGlobal
